
Microsoft Visual Studio Solution File, Format Version 15.00
# Visual Studio 2012
Project("{2150E333-8FDC-42A3-9474-1A3956D46DE8}") = "src", "src", "{3645431D-0508-4F66-AA25-03C630B3C34A}"
EndProject
Project("{FAE04EC0-301F-11D3-BF4B-00C04F79EFBC}") = "TwigApi", "src\TwigApi\TwigApi.csproj", "{EC3E8CB1-F89F-438A-8431-1903958BD19B}"
EndProject
Project("{FAE04EC0-301F-11D3-BF4B-00C04F79EFBC}") = "TwigApi.Test", "src\TwigApi.Test\TwigApi.Test.csproj", "{33156015-92E0-4141-B246-6BF8A73652BD}"
EndProject
Global
	GlobalSection(SolutionConfigurationPlatforms) = preSolution
		Debug|Any CPU = Debug|Any CPU
		Release|Any CPU = Release|Any CPU
		Debug|x64 = Debug|x64
		Debug|x86 = Debug|x86
		Release|x64 = Release|x64
		Release|x86 = Release|x86
	EndGlobalSection
	GlobalSection(ProjectConfigurationPlatforms) = postSolution
		{EC3E8CB1-F89F-438A-8431-1903958BD19B}.Debug|Any CPU.ActiveCfg = Debug|Any CPU
		{EC3E8CB1-F89F-438A-8431-1903958BD19B}.Debug|Any CPU.Build.0 = Debug|Any CPU
		{EC3E8CB1-F89F-438A-8431-1903958BD19B}.Release|Any CPU.ActiveCfg = Release|Any CPU
		{EC3E8CB1-F89F-438A-8431-1903958BD19B}.Release|Any CPU.Build.0 = Release|Any CPU
		{EC3E8CB1-F89F-438A-8431-1903958BD19B}.Debug|x64.ActiveCfg = Debug|Any CPU
		{EC3E8CB1-F89F-438A-8431-1903958BD19B}.Debug|x64.Build.0 = Debug|Any CPU
		{EC3E8CB1-F89F-438A-8431-1903958BD19B}.Debug|x86.ActiveCfg = Debug|Any CPU
		{EC3E8CB1-F89F-438A-8431-1903958BD19B}.Debug|x86.Build.0 = Debug|Any CPU
		{EC3E8CB1-F89F-438A-8431-1903958BD19B}.Release|x64.ActiveCfg = Release|Any CPU
		{EC3E8CB1-F89F-438A-8431-1903958BD19B}.Release|x64.Build.0 = Release|Any CPU
		{EC3E8CB1-F89F-438A-8431-1903958BD19B}.Release|x86.ActiveCfg = Release|Any CPU
		{EC3E8CB1-F89F-438A-8431-1903958BD19B}.Release|x86.Build.0 = Release|Any CPU
		{33156015-92E0-4141-B246-6BF8A73652BD}.Debug|Any CPU.ActiveCfg = Debug|Any CPU
		{33156015-92E0-4141-B246-6BF8A73652BD}.Debug|Any CPU.Build.0 = Debug|Any CPU
		{33156015-92E0-4141-B246-6BF8A73652BD}.Release|Any CPU.ActiveCfg = Release|Any CPU
		{33156015-92E0-4141-B246-6BF8A73652BD}.Release|Any CPU.Build.0 = Release|Any CPU
		{33156015-92E0-4141-B246-6BF8A73652BD}.Debug|x64.ActiveCfg = Debug|x64
		{33156015-92E0-4141-B246-6BF8A73652BD}.Debug|x64.Build.0 = Debug|x64
		{33156015-92E0-4141-B246-6BF8A73652BD}.Debug|x86.ActiveCfg = Debug|x86
		{33156015-92E0-4141-B246-6BF8A73652BD}.Debug|x86.Build.0 = Debug|x86
		{33156015-92E0-4141-B246-6BF8A73652BD}.Release|x64.ActiveCfg = Release|x64
		{33156015-92E0-4141-B246-6BF8A73652BD}.Release|x64.Build.0 = Release|x64
		{33156015-92E0-4141-B246-6BF8A73652BD}.Release|x86.ActiveCfg = Release|x86
		{33156015-92E0-4141-B246-6BF8A73652BD}.Release|x86.Build.0 = Release|x86
	EndGlobalSection
	GlobalSection(NestedProjects) = preSolution
		{EC3E8CB1-F89F-438A-8431-1903958BD19B} = {3645431D-0508-4F66-AA25-03C630B3C34A}
		{33156015-92E0-4141-B246-6BF8A73652BD} = {3645431D-0508-4F66-AA25-03C630B3C34A}
	EndGlobalSection

EndGlobal
